<?xml version="1.0" encoding="UTF-8" standalone="yes" ?>
<CodeBlocks_project_file>
	<FileVersion major="1" minor="6" />
	<Project>
		<Option title="imgproc" />
		<Option pch_mode="2" />
		<Option compiler="gcc" />
		<Build>
			<Target title="Debug">
				<Option output="bin/Debug/imgproc" prefix_auto="1" extension_auto="1" />
				<Option object_output="obj/Debug/" />
				<Option type="1" />
				<Option compiler="gcc" />
				<Compiler>
					<Add option="-g" />
					<Add directory="../../../../../../usr/local/include/opencv" />
					<Add directory="../../../../../../usr/local/include/opencv2" />
				</Compiler>
				<Linker>
					<Add library="../../../../../../usr/local/lib/libopencv_core.so" />
					<Add library="../../../../../../usr/local/lib/libopencv_highgui.so" />
					<Add library="../../../../../../usr/local/lib/libopencv_video.so" />
					<Add library="../../../../../../usr/local/lib/libopencv_videoio.so" />
					<Add library="../../../../../../usr/local/lib/libopencv_videostab.so" />
					<Add library="../../../../../../usr/local/lib/libopencv_imgcodecs.so" />
					<Add library="../../../../../../usr/local/lib/libopencv_imgproc.so" />
					<Add directory="../../../../../../usr/local/lib" />
				</Linker>
			</Target>
			<Target title="Release">
				<Option output="bin/Release/imgproc" prefix_auto="1" extension_auto="1" />
				<Option object_output="obj/Release/" />
				<Option type="1" />
				<Option compiler="gcc" />
				<Compiler>
					<Add option="-O2" />
				</Compiler>
				<Linker>
					<Add option="-s" />
				</Linker>
			</Target>
		</Build>
		<Compiler>
			<Add option="-Wall" />
			<Add option="-fexceptions" />
		</Compiler>
		<Unit filename="___backup_code___.cpp" />
		<Unit filename="adaboost.cpp" />
		<Unit filename="adaboost_main.cpp" />
		<Unit filename="adaboost_test.cpp" />
		<Unit filename="adaboost_train.cpp" />
		<Unit filename="binary.cpp" />
		<Unit filename="convolute.cpp" />
		<Unit filename="feature_main.cpp" />
		<Unit filename="gauss.cpp" />
		<Unit filename="gradient.cpp" />
		<Unit filename="grey.cpp" />
		<Unit filename="haarlike.cpp" />
		<Unit filename="hessian.cpp" />
		<Unit filename="longedge.cpp" />
		<Unit filename="main.cpp" />
		<Unit filename="mathmatrix.cpp" />
		<Unit filename="proc.h" />
		<Unit filename="proc_utils.cpp" />
		<Unit filename="process_main.cpp" />
		<Unit filename="surf.cpp" />
		<Unit filename="surf_main.cpp" />
		<Extensions>
			<code_completion />
			<debugger />
		</Extensions>
	</Project>
</CodeBlocks_project_file>
